
Microsoft Visual Studio Solution File, Format Version 12.00
# Visual Studio Version 17
VisualStudioVersion = 17.11.35327.3
MinimumVisualStudioVersion = 10.0.40219.1
Project("{FAE04EC0-301F-11D3-BF4B-00C04F79EFBC}") = "kt7", "kt7\kt7.csproj", "{DD81878E-1600-4D43-A93E-DB08496D1E4F}"
EndProject
Global
	GlobalSection(SolutionConfigurationPlatforms) = preSolution
		Debug|Any CPU = Debug|Any CPU
		Release|Any CPU = Release|Any CPU
	EndGlobalSection
	GlobalSection(ProjectConfigurationPlatforms) = postSolution
		{DD81878E-1600-4D43-A93E-DB08496D1E4F}.Debug|Any CPU.ActiveCfg = Debug|Any CPU
		{DD81878E-1600-4D43-A93E-DB08496D1E4F}.Debug|Any CPU.Build.0 = Debug|Any CPU
		{DD81878E-1600-4D43-A93E-DB08496D1E4F}.Release|Any CPU.ActiveCfg = Release|Any CPU
		{DD81878E-1600-4D43-A93E-DB08496D1E4F}.Release|Any CPU.Build.0 = Release|Any CPU
	EndGlobalSection
	GlobalSection(SolutionProperties) = preSolution
		HideSolutionNode = FALSE
	EndGlobalSection
	GlobalSection(ExtensibilityGlobals) = postSolution
		SolutionGuid = {5ABA4C53-E942-4EE0-9F42-5BD7F73ED81B}
	EndGlobalSection
EndGlobal
